
Microsoft Visual Studio Solution File, Format Version 12.00
# Visual Studio Version 16
VisualStudioVersion = 16.0.31129.286
MinimumVisualStudioVersion = 10.0.40219.1
Project("{9A19103F-16F7-4668-BE54-9A1E7A4F7556}") = "CzystyKod.Web", "CzystyKod.Web\CzystyKod.Web.csproj", "{33D2BCDD-47B4-49F8-A23E-A7FB1652045C}"
EndProject
Project("{FAE04EC0-301F-11D3-BF4B-00C04F79EFBC}") = "CzystyKod.BLL", "CzystyKod.BLL\CzystyKod.BLL.csproj", "{FB8B15F6-8C99-4D2B-B206-89595BD7E6E9}"
EndProject
Project("{FAE04EC0-301F-11D3-BF4B-00C04F79EFBC}") = "CzystyKod.DAL", "CzystyKod.DAL\CzystyKod.DAL.csproj", "{0A55E9CF-516A-4364-89F2-00EBAB2E8D34}"
EndProject
Project("{FAE04EC0-301F-11D3-BF4B-00C04F79EFBC}") = "CzystyKod.Services", "CzystyKod.Services\CzystyKod.Services.csproj", "{14EFAC50-02E5-4F01-820C-488F2A08E538}"
EndProject
Project("{FAE04EC0-301F-11D3-BF4B-00C04F79EFBC}") = "CzystyKod.ViewModels", "CzystyKod.ViewModels\CzystyKod.ViewModels.csproj", "{21BB9CC4-9A7B-4F7B-9A40-EFEACBC7BB0A}"
EndProject
Global
	GlobalSection(SolutionConfigurationPlatforms) = preSolution
		Debug|Any CPU = Debug|Any CPU
		Release|Any CPU = Release|Any CPU
	EndGlobalSection
	GlobalSection(ProjectConfigurationPlatforms) = postSolution
		{33D2BCDD-47B4-49F8-A23E-A7FB1652045C}.Debug|Any CPU.ActiveCfg = Debug|Any CPU
		{33D2BCDD-47B4-49F8-A23E-A7FB1652045C}.Debug|Any CPU.Build.0 = Debug|Any CPU
		{33D2BCDD-47B4-49F8-A23E-A7FB1652045C}.Release|Any CPU.ActiveCfg = Release|Any CPU
		{33D2BCDD-47B4-49F8-A23E-A7FB1652045C}.Release|Any CPU.Build.0 = Release|Any CPU
		{FB8B15F6-8C99-4D2B-B206-89595BD7E6E9}.Debug|Any CPU.ActiveCfg = Debug|Any CPU
		{FB8B15F6-8C99-4D2B-B206-89595BD7E6E9}.Debug|Any CPU.Build.0 = Debug|Any CPU
		{FB8B15F6-8C99-4D2B-B206-89595BD7E6E9}.Release|Any CPU.ActiveCfg = Release|Any CPU
		{FB8B15F6-8C99-4D2B-B206-89595BD7E6E9}.Release|Any CPU.Build.0 = Release|Any CPU
		{0A55E9CF-516A-4364-89F2-00EBAB2E8D34}.Debug|Any CPU.ActiveCfg = Debug|Any CPU
		{0A55E9CF-516A-4364-89F2-00EBAB2E8D34}.Debug|Any CPU.Build.0 = Debug|Any CPU
		{0A55E9CF-516A-4364-89F2-00EBAB2E8D34}.Release|Any CPU.ActiveCfg = Release|Any CPU
		{0A55E9CF-516A-4364-89F2-00EBAB2E8D34}.Release|Any CPU.Build.0 = Release|Any CPU
		{14EFAC50-02E5-4F01-820C-488F2A08E538}.Debug|Any CPU.ActiveCfg = Debug|Any CPU
		{14EFAC50-02E5-4F01-820C-488F2A08E538}.Debug|Any CPU.Build.0 = Debug|Any CPU
		{14EFAC50-02E5-4F01-820C-488F2A08E538}.Release|Any CPU.ActiveCfg = Release|Any CPU
		{14EFAC50-02E5-4F01-820C-488F2A08E538}.Release|Any CPU.Build.0 = Release|Any CPU
		{21BB9CC4-9A7B-4F7B-9A40-EFEACBC7BB0A}.Debug|Any CPU.ActiveCfg = Debug|Any CPU
		{21BB9CC4-9A7B-4F7B-9A40-EFEACBC7BB0A}.Debug|Any CPU.Build.0 = Debug|Any CPU
		{21BB9CC4-9A7B-4F7B-9A40-EFEACBC7BB0A}.Release|Any CPU.ActiveCfg = Release|Any CPU
		{21BB9CC4-9A7B-4F7B-9A40-EFEACBC7BB0A}.Release|Any CPU.Build.0 = Release|Any CPU
	EndGlobalSection
	GlobalSection(SolutionProperties) = preSolution
		HideSolutionNode = FALSE
	EndGlobalSection
	GlobalSection(ExtensibilityGlobals) = postSolution
		SolutionGuid = {B381CD92-7797-4A43-9302-D86DB544E260}
	EndGlobalSection
EndGlobal
